// !$*UTF8*$!
{
	archiveVersion = 1;
	classes = {
	};
	objectVersion = 46;
	objects = {

/* Begin PBXBuildFile section */
		2CA8CE7BC5BDD90675247A7D /* Pods_MubalooSamUITests.framework in Frameworks */ = {isa = PBXBuildFile; fileRef = 93F466A636B980D7917722E1 /* Pods_MubalooSamUITests.framework */; };
		B19E30A9C2175A1179AB26F4 /* Pods_MubalooSam.framework in Frameworks */ = {isa = PBXBuildFile; fileRef = 1A0E12673FFC423F9BE21982 /* Pods_MubalooSam.framework */; };
		B90C69B71DA4359B009F5718 /* AppDelegate.swift in Sources */ = {isa = PBXBuildFile; fileRef = B90C69B61DA4359B009F5718 /* AppDelegate.swift */; };
		B90C69BC1DA4359B009F5718 /* Main.storyboard in Resources */ = {isa = PBXBuildFile; fileRef = B90C69BA1DA4359B009F5718 /* Main.storyboard */; };
		B90C69BE1DA4359B009F5718 /* Assets.xcassets in Resources */ = {isa = PBXBuildFile; fileRef = B90C69BD1DA4359B009F5718 /* Assets.xcassets */; };
		B90C69C11DA4359B009F5718 /* LaunchScreen.storyboard in Resources */ = {isa = PBXBuildFile; fileRef = B90C69BF1DA4359B009F5718 /* LaunchScreen.storyboard */; };
		B90C69CC1DA4359B009F5718 /* MubalooSamTests.swift in Sources */ = {isa = PBXBuildFile; fileRef = B90C69CB1DA4359B009F5718 /* MubalooSamTests.swift */; };
		B90C69D71DA4359B009F5718 /* MubalooSamUITests.swift in Sources */ = {isa = PBXBuildFile; fileRef = B90C69D61DA4359B009F5718 /* MubalooSamUITests.swift */; };
		B90C69E51DA43770009F5718 /* User.swift in Sources */ = {isa = PBXBuildFile; fileRef = B90C69E41DA43770009F5718 /* User.swift */; };
		B90C69E71DA43921009F5718 /* Team.swift in Sources */ = {isa = PBXBuildFile; fileRef = B90C69E61DA43921009F5718 /* Team.swift */; };
		B90C69E91DA43946009F5718 /* Company.swift in Sources */ = {isa = PBXBuildFile; fileRef = B90C69E81DA43946009F5718 /* Company.swift */; };
		B90C69F01DA4519E009F5718 /* AppReducer.swift in Sources */ = {isa = PBXBuildFile; fileRef = B90C69EF1DA4519E009F5718 /* AppReducer.swift */; };
		B90C69F31DA45233009F5718 /* CompanyReducer.swift in Sources */ = {isa = PBXBuildFile; fileRef = B90C69F21DA45233009F5718 /* CompanyReducer.swift */; };
		B90C69F51DA4560A009F5718 /* CompanyActions.swift in Sources */ = {isa = PBXBuildFile; fileRef = B90C69F41DA4560A009F5718 /* CompanyActions.swift */; };
		B90C69F71DA459C0009F5718 /* CompanyCtrl.swift in Sources */ = {isa = PBXBuildFile; fileRef = B90C69F61DA459C0009F5718 /* CompanyCtrl.swift */; };
		B90C69F91DA45DFC009F5718 /* UserCell.swift in Sources */ = {isa = PBXBuildFile; fileRef = B90C69F81DA45DFC009F5718 /* UserCell.swift */; };
		B90C69FB1DA4658B009F5718 /* TeamHeaderCell.swift in Sources */ = {isa = PBXBuildFile; fileRef = B90C69FA1DA4658B009F5718 /* TeamHeaderCell.swift */; };
		B90C69FF1DA4FCA1009F5718 /* UserDetailCtrl.swift in Sources */ = {isa = PBXBuildFile; fileRef = B90C69FE1DA4FCA1009F5718 /* UserDetailCtrl.swift */; };
		D18A9B7B785E0D210A0C4D12 /* Pods_MubalooSamTests.framework in Frameworks */ = {isa = PBXBuildFile; fileRef = 9E76F89E2C635ACC434C733D /* Pods_MubalooSamTests.framework */; };
/* End PBXBuildFile section */

/* Begin PBXContainerItemProxy section */
		B90C69C81DA4359B009F5718 /* PBXContainerItemProxy */ = {
			isa = PBXContainerItemProxy;
			containerPortal = B90C69AB1DA4359B009F5718 /* Project object */;
			proxyType = 1;
			remoteGlobalIDString = B90C69B21DA4359B009F5718;
			remoteInfo = MubalooSam;
		};
		B90C69D31DA4359B009F5718 /* PBXContainerItemProxy */ = {
			isa = PBXContainerItemProxy;
			containerPortal = B90C69AB1DA4359B009F5718 /* Project object */;
			proxyType = 1;
			remoteGlobalIDString = B90C69B21DA4359B009F5718;
			remoteInfo = MubalooSam;
		};
/* End PBXContainerItemProxy section */

/* Begin PBXFileReference section */
		1A0E12673FFC423F9BE21982 /* Pods_MubalooSam.framework */ = {isa = PBXFileReference; explicitFileType = wrapper.framework; includeInIndex = 0; path = Pods_MubalooSam.framework; sourceTree = BUILT_PRODUCTS_DIR; };
		325854FE3FAF672AAB3BB322 /* Pods-MubalooSamUITests.release.xcconfig */ = {isa = PBXFileReference; includeInIndex = 1; lastKnownFileType = text.xcconfig; name = "Pods-MubalooSamUITests.release.xcconfig"; path = "Pods/Target Support Files/Pods-MubalooSamUITests/Pods-MubalooSamUITests.release.xcconfig"; sourceTree = "<group>"; };
		938E3C70964311475B0D7388 /* Pods-MubalooSam.release.xcconfig */ = {isa = PBXFileReference; includeInIndex = 1; lastKnownFileType = text.xcconfig; name = "Pods-MubalooSam.release.xcconfig"; path = "Pods/Target Support Files/Pods-MubalooSam/Pods-MubalooSam.release.xcconfig"; sourceTree = "<group>"; };
		93F466A636B980D7917722E1 /* Pods_MubalooSamUITests.framework */ = {isa = PBXFileReference; explicitFileType = wrapper.framework; includeInIndex = 0; path = Pods_MubalooSamUITests.framework; sourceTree = BUILT_PRODUCTS_DIR; };
		9E76F89E2C635ACC434C733D /* Pods_MubalooSamTests.framework */ = {isa = PBXFileReference; explicitFileType = wrapper.framework; includeInIndex = 0; path = Pods_MubalooSamTests.framework; sourceTree = BUILT_PRODUCTS_DIR; };
		AF9DF31AADDA88855707F50F /* Pods-MubalooSamTests.release.xcconfig */ = {isa = PBXFileReference; includeInIndex = 1; lastKnownFileType = text.xcconfig; name = "Pods-MubalooSamTests.release.xcconfig"; path = "Pods/Target Support Files/Pods-MubalooSamTests/Pods-MubalooSamTests.release.xcconfig"; sourceTree = "<group>"; };
		B90C69B31DA4359B009F5718 /* MubalooSam.app */ = {isa = PBXFileReference; explicitFileType = wrapper.application; includeInIndex = 0; path = MubalooSam.app; sourceTree = BUILT_PRODUCTS_DIR; };
		B90C69B61DA4359B009F5718 /* AppDelegate.swift */ = {isa = PBXFileReference; lastKnownFileType = sourcecode.swift; path = AppDelegate.swift; sourceTree = "<group>"; };
		B90C69BB1DA4359B009F5718 /* Base */ = {isa = PBXFileReference; lastKnownFileType = file.storyboard; name = Base; path = Base.lproj/Main.storyboard; sourceTree = "<group>"; };
		B90C69BD1DA4359B009F5718 /* Assets.xcassets */ = {isa = PBXFileReference; lastKnownFileType = folder.assetcatalog; path = Assets.xcassets; sourceTree = "<group>"; };
		B90C69C01DA4359B009F5718 /* Base */ = {isa = PBXFileReference; lastKnownFileType = file.storyboard; name = Base; path = Base.lproj/LaunchScreen.storyboard; sourceTree = "<group>"; };
		B90C69C21DA4359B009F5718 /* Info.plist */ = {isa = PBXFileReference; lastKnownFileType = text.plist.xml; path = Info.plist; sourceTree = "<group>"; };
		B90C69C71DA4359B009F5718 /* MubalooSamTests.xctest */ = {isa = PBXFileReference; explicitFileType = wrapper.cfbundle; includeInIndex = 0; path = MubalooSamTests.xctest; sourceTree = BUILT_PRODUCTS_DIR; };
		B90C69CB1DA4359B009F5718 /* MubalooSamTests.swift */ = {isa = PBXFileReference; lastKnownFileType = sourcecode.swift; path = MubalooSamTests.swift; sourceTree = "<group>"; };
		B90C69CD1DA4359B009F5718 /* Info.plist */ = {isa = PBXFileReference; lastKnownFileType = text.plist.xml; path = Info.plist; sourceTree = "<group>"; };
		B90C69D21DA4359B009F5718 /* MubalooSamUITests.xctest */ = {isa = PBXFileReference; explicitFileType = wrapper.cfbundle; includeInIndex = 0; path = MubalooSamUITests.xctest; sourceTree = BUILT_PRODUCTS_DIR; };
		B90C69D61DA4359B009F5718 /* MubalooSamUITests.swift */ = {isa = PBXFileReference; lastKnownFileType = sourcecode.swift; path = MubalooSamUITests.swift; sourceTree = "<group>"; };
		B90C69D81DA4359B009F5718 /* Info.plist */ = {isa = PBXFileReference; lastKnownFileType = text.plist.xml; path = Info.plist; sourceTree = "<group>"; };
		B90C69E41DA43770009F5718 /* User.swift */ = {isa = PBXFileReference; fileEncoding = 4; lastKnownFileType = sourcecode.swift; path = User.swift; sourceTree = "<group>"; };
		B90C69E61DA43921009F5718 /* Team.swift */ = {isa = PBXFileReference; fileEncoding = 4; lastKnownFileType = sourcecode.swift; path = Team.swift; sourceTree = "<group>"; };
		B90C69E81DA43946009F5718 /* Company.swift */ = {isa = PBXFileReference; fileEncoding = 4; lastKnownFileType = sourcecode.swift; path = Company.swift; sourceTree = "<group>"; };
		B90C69EF1DA4519E009F5718 /* AppReducer.swift */ = {isa = PBXFileReference; fileEncoding = 4; lastKnownFileType = sourcecode.swift; path = AppReducer.swift; sourceTree = "<group>"; };
		B90C69F21DA45233009F5718 /* CompanyReducer.swift */ = {isa = PBXFileReference; fileEncoding = 4; lastKnownFileType = sourcecode.swift; path = CompanyReducer.swift; sourceTree = "<group>"; };
		B90C69F41DA4560A009F5718 /* CompanyActions.swift */ = {isa = PBXFileReference; fileEncoding = 4; lastKnownFileType = sourcecode.swift; path = CompanyActions.swift; sourceTree = "<group>"; };
		B90C69F61DA459C0009F5718 /* CompanyCtrl.swift */ = {isa = PBXFileReference; fileEncoding = 4; lastKnownFileType = sourcecode.swift; path = CompanyCtrl.swift; sourceTree = "<group>"; };
		B90C69F81DA45DFC009F5718 /* UserCell.swift */ = {isa = PBXFileReference; fileEncoding = 4; lastKnownFileType = sourcecode.swift; path = UserCell.swift; sourceTree = "<group>"; };
		B90C69FA1DA4658B009F5718 /* TeamHeaderCell.swift */ = {isa = PBXFileReference; fileEncoding = 4; lastKnownFileType = sourcecode.swift; path = TeamHeaderCell.swift; sourceTree = "<group>"; };
		B90C69FE1DA4FCA1009F5718 /* UserDetailCtrl.swift */ = {isa = PBXFileReference; fileEncoding = 4; lastKnownFileType = sourcecode.swift; path = UserDetailCtrl.swift; sourceTree = "<group>"; };
		C2F3F087C3488FF062C086F2 /* Pods-MubalooSamTests.debug.xcconfig */ = {isa = PBXFileReference; includeInIndex = 1; lastKnownFileType = text.xcconfig; name = "Pods-MubalooSamTests.debug.xcconfig"; path = "Pods/Target Support Files/Pods-MubalooSamTests/Pods-MubalooSamTests.debug.xcconfig"; sourceTree = "<group>"; };
		C56B11C042D837E854574CC3 /* Pods-MubalooSamUITests.debug.xcconfig */ = {isa = PBXFileReference; includeInIndex = 1; lastKnownFileType = text.xcconfig; name = "Pods-MubalooSamUITests.debug.xcconfig"; path = "Pods/Target Support Files/Pods-MubalooSamUITests/Pods-MubalooSamUITests.debug.xcconfig"; sourceTree = "<group>"; };
		D1A99283802DBBD22A290023 /* Pods-MubalooSam.debug.xcconfig */ = {isa = PBXFileReference; includeInIndex = 1; lastKnownFileType = text.xcconfig; name = "Pods-MubalooSam.debug.xcconfig"; path = "Pods/Target Support Files/Pods-MubalooSam/Pods-MubalooSam.debug.xcconfig"; sourceTree = "<group>"; };
/* End PBXFileReference section */

/* Begin PBXFrameworksBuildPhase section */
		B90C69B01DA4359B009F5718 /* Frameworks */ = {
			isa = PBXFrameworksBuildPhase;
			buildActionMask = 2147483647;
			files = (
				B19E30A9C2175A1179AB26F4 /* Pods_MubalooSam.framework in Frameworks */,
			);
			runOnlyForDeploymentPostprocessing = 0;
		};
		B90C69C41DA4359B009F5718 /* Frameworks */ = {
			isa = PBXFrameworksBuildPhase;
			buildActionMask = 2147483647;
			files = (
				D18A9B7B785E0D210A0C4D12 /* Pods_MubalooSamTests.framework in Frameworks */,
			);
			runOnlyForDeploymentPostprocessing = 0;
		};
		B90C69CF1DA4359B009F5718 /* Frameworks */ = {
			isa = PBXFrameworksBuildPhase;
			buildActionMask = 2147483647;
			files = (
				2CA8CE7BC5BDD90675247A7D /* Pods_MubalooSamUITests.framework in Frameworks */,
			);
			runOnlyForDeploymentPostprocessing = 0;
		};
/* End PBXFrameworksBuildPhase section */

/* Begin PBXGroup section */
		B90C69AA1DA4359B009F5718 = {
			isa = PBXGroup;
			children = (
				B90C69B51DA4359B009F5718 /* MubalooSam */,
				B90C69CA1DA4359B009F5718 /* MubalooSamTests */,
				B90C69D51DA4359B009F5718 /* MubalooSamUITests */,
				B90C69B41DA4359B009F5718 /* Products */,
				FE35D339D6E6A4D0BE5E95E4 /* Pods */,
				DB6DE6A8E511F3866EBA4077 /* Frameworks */,
			);
			sourceTree = "<group>";
		};
		B90C69B41DA4359B009F5718 /* Products */ = {
			isa = PBXGroup;
			children = (
				B90C69B31DA4359B009F5718 /* MubalooSam.app */,
				B90C69C71DA4359B009F5718 /* MubalooSamTests.xctest */,
				B90C69D21DA4359B009F5718 /* MubalooSamUITests.xctest */,
			);
			name = Products;
			sourceTree = "<group>";
		};
		B90C69B51DA4359B009F5718 /* MubalooSam */ = {
			isa = PBXGroup;
			children = (
				B90C6A001DA53D0A009F5718 /* Storyboards */,
				B90C69F11DA451EC009F5718 /* Company */,
				B90C69B61DA4359B009F5718 /* AppDelegate.swift */,
				B90C69BD1DA4359B009F5718 /* Assets.xcassets */,
				B90C69C21DA4359B009F5718 /* Info.plist */,
				B90C69EF1DA4519E009F5718 /* AppReducer.swift */,
			);
			path = MubalooSam;
			sourceTree = "<group>";
		};
		B90C69CA1DA4359B009F5718 /* MubalooSamTests */ = {
			isa = PBXGroup;
			children = (
				B90C69CB1DA4359B009F5718 /* MubalooSamTests.swift */,
				B90C69CD1DA4359B009F5718 /* Info.plist */,
			);
			path = MubalooSamTests;
			sourceTree = "<group>";
		};
		B90C69D51DA4359B009F5718 /* MubalooSamUITests */ = {
			isa = PBXGroup;
			children = (
				B90C69D61DA4359B009F5718 /* MubalooSamUITests.swift */,
				B90C69D81DA4359B009F5718 /* Info.plist */,
			);
			path = MubalooSamUITests;
			sourceTree = "<group>";
		};
		B90C69EA1DA4394B009F5718 /* models */ = {
			isa = PBXGroup;
			children = (
				B90C69E41DA43770009F5718 /* User.swift */,
				B90C69E61DA43921009F5718 /* Team.swift */,
				B90C69E81DA43946009F5718 /* Company.swift */,
			);
			name = models;
			sourceTree = "<group>";
		};
		B90C69EB1DA450DA009F5718 /* actions */ = {
			isa = PBXGroup;
			children = (
				B90C69F41DA4560A009F5718 /* CompanyActions.swift */,
			);
			name = actions;
			sourceTree = "<group>";
		};
		B90C69EC1DA450E4009F5718 /* components */ = {
			isa = PBXGroup;
			children = (
				B90C69F81DA45DFC009F5718 /* UserCell.swift */,
				B90C69FA1DA4658B009F5718 /* TeamHeaderCell.swift */,
			);
			name = components;
			sourceTree = "<group>";
		};
		B90C69ED1DA45122009F5718 /* reducers */ = {
			isa = PBXGroup;
			children = (
				B90C69F21DA45233009F5718 /* CompanyReducer.swift */,
			);
			name = reducers;
			sourceTree = "<group>";
		};
		B90C69EE1DA45127009F5718 /* containers */ = {
			isa = PBXGroup;
			children = (
				B90C69F61DA459C0009F5718 /* CompanyCtrl.swift */,
				B90C69FE1DA4FCA1009F5718 /* UserDetailCtrl.swift */,
			);
			name = containers;
			sourceTree = "<group>";
		};
		B90C69F11DA451EC009F5718 /* Company */ = {
			isa = PBXGroup;
			children = (
				B90C69EE1DA45127009F5718 /* containers */,
				B90C69ED1DA45122009F5718 /* reducers */,
				B90C69EC1DA450E4009F5718 /* components */,
				B90C69EB1DA450DA009F5718 /* actions */,
				B90C69EA1DA4394B009F5718 /* models */,
			);
			name = Company;
			sourceTree = "<group>";
		};
		B90C6A001DA53D0A009F5718 /* Storyboards */ = {
			isa = PBXGroup;
			children = (
				B90C69BA1DA4359B009F5718 /* Main.storyboard */,
				B90C69BF1DA4359B009F5718 /* LaunchScreen.storyboard */,
			);
			name = Storyboards;
			sourceTree = "<group>";
		};
		DB6DE6A8E511F3866EBA4077 /* Frameworks */ = {
			isa = PBXGroup;
			children = (
				1A0E12673FFC423F9BE21982 /* Pods_MubalooSam.framework */,
				9E76F89E2C635ACC434C733D /* Pods_MubalooSamTests.framework */,
				93F466A636B980D7917722E1 /* Pods_MubalooSamUITests.framework */,
			);
			name = Frameworks;
			sourceTree = "<group>";
		};
		FE35D339D6E6A4D0BE5E95E4 /* Pods */ = {
			isa = PBXGroup;
			children = (
				D1A99283802DBBD22A290023 /* Pods-MubalooSam.debug.xcconfig */,
				938E3C70964311475B0D7388 /* Pods-MubalooSam.release.xcconfig */,
				C2F3F087C3488FF062C086F2 /* Pods-MubalooSamTests.debug.xcconfig */,
				AF9DF31AADDA88855707F50F /* Pods-MubalooSamTests.release.xcconfig */,
				C56B11C042D837E854574CC3 /* Pods-MubalooSamUITests.debug.xcconfig */,
				325854FE3FAF672AAB3BB322 /* Pods-MubalooSamUITests.release.xcconfig */,
			);
			name = Pods;
			sourceTree = "<group>";
		};
/* End PBXGroup section */

/* Begin PBXNativeTarget section */
		B90C69B21DA4359B009F5718 /* MubalooSam */ = {
			isa = PBXNativeTarget;
			buildConfigurationList = B90C69DB1DA4359B009F5718 /* Build configuration list for PBXNativeTarget "MubalooSam" */;
			buildPhases = (
				681F6E78654C28BDA20BD30B /* [CP] Check Pods Manifest.lock */,
				B90C69AF1DA4359B009F5718 /* Sources */,
				B90C69B01DA4359B009F5718 /* Frameworks */,
				B90C69B11DA4359B009F5718 /* Resources */,
				4290AFCB9E3D99F59038F00B /* [CP] Embed Pods Frameworks */,
				AD01107B58BA58AEFBA78C12 /* [CP] Copy Pods Resources */,
			);
			buildRules = (
			);
			dependencies = (
			);
			name = MubalooSam;
			productName = MubalooSam;
			productReference = B90C69B31DA4359B009F5718 /* MubalooSam.app */;
			productType = "com.apple.product-type.application";
		};
		B90C69C61DA4359B009F5718 /* MubalooSamTests */ = {
			isa = PBXNativeTarget;
			buildConfigurationList = B90C69DE1DA4359B009F5718 /* Build configuration list for PBXNativeTarget "MubalooSamTests" */;
			buildPhases = (
				89B29710CCAC0DAB6FCC3508 /* [CP] Check Pods Manifest.lock */,
				B90C69C31DA4359B009F5718 /* Sources */,
				B90C69C41DA4359B009F5718 /* Frameworks */,
				B90C69C51DA4359B009F5718 /* Resources */,
				0741C129A2A2BD4E2DC068CE /* [CP] Embed Pods Frameworks */,
				ED930B007815445D91E5CAD6 /* [CP] Copy Pods Resources */,
			);
			buildRules = (
			);
			dependencies = (
				B90C69C91DA4359B009F5718 /* PBXTargetDependency */,
			);
			name = MubalooSamTests;
			productName = MubalooSamTests;
			productReference = B90C69C71DA4359B009F5718 /* MubalooSamTests.xctest */;
			productType = "com.apple.product-type.bundle.unit-test";
		};
		B90C69D11DA4359B009F5718 /* MubalooSamUITests */ = {
			isa = PBXNativeTarget;
			buildConfigurationList = B90C69E11DA4359B009F5718 /* Build configuration list for PBXNativeTarget "MubalooSamUITests" */;
			buildPhases = (
				F3BA33C1BDF8035D1053EBAB /* [CP] Check Pods Manifest.lock */,
				B90C69CE1DA4359B009F5718 /* Sources */,
				B90C69CF1DA4359B009F5718 /* Frameworks */,
				B90C69D01DA4359B009F5718 /* Resources */,
				C6720F7BBA2C662D6BDC0F83 /* [CP] Copy Pods Resources */,
			);
			buildRules = (
			);
			dependencies = (
				B90C69D41DA4359B009F5718 /* PBXTargetDependency */,
			);
			name = MubalooSamUITests;
			productName = MubalooSamUITests;
			productReference = B90C69D21DA4359B009F5718 /* MubalooSamUITests.xctest */;
			productType = "com.apple.product-type.bundle.ui-testing";
		};
/* End PBXNativeTarget section */

/* Begin PBXProject section */
		B90C69AB1DA4359B009F5718 /* Project object */ = {
			isa = PBXProject;
			attributes = {
				LastSwiftUpdateCheck = 0800;
				LastUpgradeCheck = 0800;
				ORGANIZATIONNAME = "Sam Davies";
				TargetAttributes = {
					B90C69B21DA4359B009F5718 = {
						CreatedOnToolsVersion = 8.0;
						DevelopmentTeam = C5LY942R7Y;
						ProvisioningStyle = Automatic;
					};
					B90C69C61DA4359B009F5718 = {
						CreatedOnToolsVersion = 8.0;
						DevelopmentTeam = C5LY942R7Y;
						ProvisioningStyle = Automatic;
						TestTargetID = B90C69B21DA4359B009F5718;
					};
					B90C69D11DA4359B009F5718 = {
						CreatedOnToolsVersion = 8.0;
						DevelopmentTeam = C5LY942R7Y;
						ProvisioningStyle = Automatic;
						TestTargetID = B90C69B21DA4359B009F5718;
					};
				};
			};
			buildConfigurationList = B90C69AE1DA4359B009F5718 /* Build configuration list for PBXProject "MubalooSam" */;
			compatibilityVersion = "Xcode 3.2";
			developmentRegion = English;
			hasScannedForEncodings = 0;
			knownRegions = (
				en,
				Base,
			);
			mainGroup = B90C69AA1DA4359B009F5718;
			productRefGroup = B90C69B41DA4359B009F5718 /* Products */;
			projectDirPath = "";
			projectRoot = "";
			targets = (
				B90C69B21DA4359B009F5718 /* MubalooSam */,
				B90C69C61DA4359B009F5718 /* MubalooSamTests */,
				B90C69D11DA4359B009F5718 /* MubalooSamUITests */,
			);
		};
/* End PBXProject section */

/* Begin PBXResourcesBuildPhase section */
		B90C69B11DA4359B009F5718 /* Resources */ = {
			isa = PBXResourcesBuildPhase;
			buildActionMask = 2147483647;
			files = (
				B90C69C11DA4359B009F5718 /* LaunchScreen.storyboard in Resources */,
				B90C69BE1DA4359B009F5718 /* Assets.xcassets in Resources */,
				B90C69BC1DA4359B009F5718 /* Main.storyboard in Resources */,
			);
			runOnlyForDeploymentPostprocessing = 0;
		};
		B90C69C51DA4359B009F5718 /* Resources */ = {
			isa = PBXResourcesBuildPhase;
			buildActionMask = 2147483647;
			files = (
			);
			runOnlyForDeploymentPostprocessing = 0;
		};
		B90C69D01DA4359B009F5718 /* Resources */ = {
			isa = PBXResourcesBuildPhase;
			buildActionMask = 2147483647;
			files = (
			);
			runOnlyForDeploymentPostprocessing = 0;
		};
/* End PBXResourcesBuildPhase section */

/* Begin PBXShellScriptBuildPhase section */
		0741C129A2A2BD4E2DC068CE /* [CP] Embed Pods Frameworks */ = {
			isa = PBXShellScriptBuildPhase;
			buildActionMask = 2147483647;
			files = (
			);
			inputPaths = (
			);
			name = "[CP] Embed Pods Frameworks";
			outputPaths = (
			);
			runOnlyForDeploymentPostprocessing = 0;
			shellPath = /bin/sh;
			shellScript = "\"${SRCROOT}/Pods/Target Support Files/Pods-MubalooSamTests/Pods-MubalooSamTests-frameworks.sh\"\n";
			showEnvVarsInLog = 0;
		};
		4290AFCB9E3D99F59038F00B /* [CP] Embed Pods Frameworks */ = {
			isa = PBXShellScriptBuildPhase;
			buildActionMask = 2147483647;
			files = (
			);
			inputPaths = (
			);
			name = "[CP] Embed Pods Frameworks";
			outputPaths = (
			);
			runOnlyForDeploymentPostprocessing = 0;
			shellPath = /bin/sh;
			shellScript = "\"${SRCROOT}/Pods/Target Support Files/Pods-MubalooSam/Pods-MubalooSam-frameworks.sh\"\n";
			showEnvVarsInLog = 0;
		};
		681F6E78654C28BDA20BD30B /* [CP] Check Pods Manifest.lock */ = {
			isa = PBXShellScriptBuildPhase;
			buildActionMask = 2147483647;
			files = (
			);
			inputPaths = (
			);
			name = "[CP] Check Pods Manifest.lock";
			outputPaths = (
			);
			runOnlyForDeploymentPostprocessing = 0;
			shellPath = /bin/sh;
			shellScript = "diff \"${PODS_ROOT}/../Podfile.lock\" \"${PODS_ROOT}/Manifest.lock\" > /dev/null\nif [[ $? != 0 ]] ; then\n    cat << EOM\nerror: The sandbox is not in sync with the Podfile.lock. Run 'pod install' or update your CocoaPods installation.\nEOM\n    exit 1\nfi\n";
			showEnvVarsInLog = 0;
		};
		89B29710CCAC0DAB6FCC3508 /* [CP] Check Pods Manifest.lock */ = {
			isa = PBXShellScriptBuildPhase;
			buildActionMask = 2147483647;
			files = (
			);
			inputPaths = (
			);
			name = "[CP] Check Pods Manifest.lock";
			outputPaths = (
			);
			runOnlyForDeploymentPostprocessing = 0;
			shellPath = /bin/sh;
			shellScript = "diff \"${PODS_ROOT}/../Podfile.lock\" \"${PODS_ROOT}/Manifest.lock\" > /dev/null\nif [[ $? != 0 ]] ; then\n    cat << EOM\nerror: The sandbox is not in sync with the Podfile.lock. Run 'pod install' or update your CocoaPods installation.\nEOM\n    exit 1\nfi\n";
			showEnvVarsInLog = 0;
		};
		AD01107B58BA58AEFBA78C12 /* [CP] Copy Pods Resources */ = {
			isa = PBXShellScriptBuildPhase;
			buildActionMask = 2147483647;
			files = (
			);
			inputPaths = (
			);
			name = "[CP] Copy Pods Resources";
			outputPaths = (
			);
			runOnlyForDeploymentPostprocessing = 0;
			shellPath = /bin/sh;
			shellScript = "\"${SRCROOT}/Pods/Target Support Files/Pods-MubalooSam/Pods-MubalooSam-resources.sh\"\n";
			showEnvVarsInLog = 0;
		};
		C6720F7BBA2C662D6BDC0F83 /* [CP] Copy Pods Resources */ = {
			isa = PBXShellScriptBuildPhase;
			buildActionMask = 2147483647;
			files = (
			);
			inputPaths = (
			);
			name = "[CP] Copy Pods Resources";
			outputPaths = (
			);
			runOnlyForDeploymentPostprocessing = 0;
			shellPath = /bin/sh;
			shellScript = "\"${SRCROOT}/Pods/Target Support Files/Pods-MubalooSamUITests/Pods-MubalooSamUITests-resources.sh\"\n";
			showEnvVarsInLog = 0;
		};
		ED930B007815445D91E5CAD6 /* [CP] Copy Pods Resources */ = {
			isa = PBXShellScriptBuildPhase;
			buildActionMask = 2147483647;
			files = (
			);
			inputPaths = (
			);
			name = "[CP] Copy Pods Resources";
			outputPaths = (
			);
			runOnlyForDeploymentPostprocessing = 0;
			shellPath = /bin/sh;
			shellScript = "\"${SRCROOT}/Pods/Target Support Files/Pods-MubalooSamTests/Pods-MubalooSamTests-resources.sh\"\n";
			showEnvVarsInLog = 0;
		};
		F3BA33C1BDF8035D1053EBAB /* [CP] Check Pods Manifest.lock */ = {
			isa = PBXShellScriptBuildPhase;
			buildActionMask = 2147483647;
			files = (
			);
			inputPaths = (
			);
			name = "[CP] Check Pods Manifest.lock";
			outputPaths = (
			);
			runOnlyForDeploymentPostprocessing = 0;
			shellPath = /bin/sh;
			shellScript = "diff \"${PODS_ROOT}/../Podfile.lock\" \"${PODS_ROOT}/Manifest.lock\" > /dev/null\nif [[ $? != 0 ]] ; then\n    cat << EOM\nerror: The sandbox is not in sync with the Podfile.lock. Run 'pod install' or update your CocoaPods installation.\nEOM\n    exit 1\nfi\n";
			showEnvVarsInLog = 0;
		};
/* End PBXShellScriptBuildPhase section */

/* Begin PBXSourcesBuildPhase section */
		B90C69AF1DA4359B009F5718 /* Sources */ = {
			isa = PBXSourcesBuildPhase;
			buildActionMask = 2147483647;
			files = (
				B90C69F71DA459C0009F5718 /* CompanyCtrl.swift in Sources */,
				B90C69F01DA4519E009F5718 /* AppReducer.swift in Sources */,
				B90C69FF1DA4FCA1009F5718 /* UserDetailCtrl.swift in Sources */,
				B90C69FB1DA4658B009F5718 /* TeamHeaderCell.swift in Sources */,
				B90C69E51DA43770009F5718 /* User.swift in Sources */,
				B90C69E71DA43921009F5718 /* Team.swift in Sources */,
				B90C69F31DA45233009F5718 /* CompanyReducer.swift in Sources */,
				B90C69B71DA4359B009F5718 /* AppDelegate.swift in Sources */,
				B90C69E91DA43946009F5718 /* Company.swift in Sources */,
				B90C69F91DA45DFC009F5718 /* UserCell.swift in Sources */,
				B90C69F51DA4560A009F5718 /* CompanyActions.swift in Sources */,
			);
			runOnlyForDeploymentPostprocessing = 0;
		};
		B90C69C31DA4359B009F5718 /* Sources */ = {
			isa = PBXSourcesBuildPhase;
			buildActionMask = 2147483647;
			files = (
				B90C69CC1DA4359B009F5718 /* MubalooSamTests.swift in Sources */,
			);
			runOnlyForDeploymentPostprocessing = 0;
		};
		B90C69CE1DA4359B009F5718 /* Sources */ = {
			isa = PBXSourcesBuildPhase;
			buildActionMask = 2147483647;
			files = (
				B90C69D71DA4359B009F5718 /* MubalooSamUITests.swift in Sources */,
			);
			runOnlyForDeploymentPostprocessing = 0;
		};
/* End PBXSourcesBuildPhase section */

/* Begin PBXTargetDependency section */
		B90C69C91DA4359B009F5718 /* PBXTargetDependency */ = {
			isa = PBXTargetDependency;
			target = B90C69B21DA4359B009F5718 /* MubalooSam */;
			targetProxy = B90C69C81DA4359B009F5718 /* PBXContainerItemProxy */;
		};
		B90C69D41DA4359B009F5718 /* PBXTargetDependency */ = {
			isa = PBXTargetDependency;
			target = B90C69B21DA4359B009F5718 /* MubalooSam */;
			targetProxy = B90C69D31DA4359B009F5718 /* PBXContainerItemProxy */;
		};
/* End PBXTargetDependency section */

/* Begin PBXVariantGroup section */
		B90C69BA1DA4359B009F5718 /* Main.storyboard */ = {
			isa = PBXVariantGroup;
			children = (
				B90C69BB1DA4359B009F5718 /* Base */,
			);
			name = Main.storyboard;
			sourceTree = "<group>";
		};
		B90C69BF1DA4359B009F5718 /* LaunchScreen.storyboard */ = {
			isa = PBXVariantGroup;
			children = (
				B90C69C01DA4359B009F5718 /* Base */,
			);
			name = LaunchScreen.storyboard;
			sourceTree = "<group>";
		};
/* End PBXVariantGroup section */

/* Begin XCBuildConfiguration section */
		B90C69D91DA4359B009F5718 /* Debug */ = {
			isa = XCBuildConfiguration;
			buildSettings = {
				ALWAYS_SEARCH_USER_PATHS = NO;
				CLANG_ANALYZER_NONNULL = YES;
				CLANG_CXX_LANGUAGE_STANDARD = "gnu++0x";
				CLANG_CXX_LIBRARY = "libc++";
				CLANG_ENABLE_MODULES = YES;
				CLANG_ENABLE_OBJC_ARC = YES;
				CLANG_WARN_BOOL_CONVERSION = YES;
				CLANG_WARN_CONSTANT_CONVERSION = YES;
				CLANG_WARN_DIRECT_OBJC_ISA_USAGE = YES_ERROR;
				CLANG_WARN_DOCUMENTATION_COMMENTS = YES;
				CLANG_WARN_EMPTY_BODY = YES;
				CLANG_WARN_ENUM_CONVERSION = YES;
				CLANG_WARN_INFINITE_RECURSION = YES;
				CLANG_WARN_INT_CONVERSION = YES;
				CLANG_WARN_OBJC_ROOT_CLASS = YES_ERROR;
				CLANG_WARN_SUSPICIOUS_MOVES = YES;
				CLANG_WARN_UNREACHABLE_CODE = YES;
				CLANG_WARN__DUPLICATE_METHOD_MATCH = YES;
				"CODE_SIGN_IDENTITY[sdk=iphoneos*]" = "iPhone Developer";
				COPY_PHASE_STRIP = NO;
				DEBUG_INFORMATION_FORMAT = dwarf;
				ENABLE_STRICT_OBJC_MSGSEND = YES;
				ENABLE_TESTABILITY = YES;
				GCC_C_LANGUAGE_STANDARD = gnu99;
				GCC_DYNAMIC_NO_PIC = NO;
				GCC_NO_COMMON_BLOCKS = YES;
				GCC_OPTIMIZATION_LEVEL = 0;
				GCC_PREPROCESSOR_DEFINITIONS = (
					"DEBUG=1",
					"$(inherited)",
				);
				GCC_WARN_64_TO_32_BIT_CONVERSION = YES;
				GCC_WARN_ABOUT_RETURN_TYPE = YES_ERROR;
				GCC_WARN_UNDECLARED_SELECTOR = YES;
				GCC_WARN_UNINITIALIZED_AUTOS = YES_AGGRESSIVE;
				GCC_WARN_UNUSED_FUNCTION = YES;
				GCC_WARN_UNUSED_VARIABLE = YES;
				IPHONEOS_DEPLOYMENT_TARGET = 10.0;
				MTL_ENABLE_DEBUG_INFO = YES;
				ONLY_ACTIVE_ARCH = YES;
				SDKROOT = iphoneos;
				SWIFT_ACTIVE_COMPILATION_CONDITIONS = DEBUG;
				SWIFT_OPTIMIZATION_LEVEL = "-Onone";
				TARGETED_DEVICE_FAMILY = "1,2";
			};
			name = Debug;
		};
		B90C69DA1DA4359B009F5718 /* Release */ = {
			isa = XCBuildConfiguration;
			buildSettings = {
				ALWAYS_SEARCH_USER_PATHS = NO;
				CLANG_ANALYZER_NONNULL = YES;
				CLANG_CXX_LANGUAGE_STANDARD = "gnu++0x";
				CLANG_CXX_LIBRARY = "libc++";
				CLANG_ENABLE_MODULES = YES;
				CLANG_ENABLE_OBJC_ARC = YES;
				CLANG_WARN_BOOL_CONVERSION = YES;
				CLANG_WARN_CONSTANT_CONVERSION = YES;
				CLANG_WARN_DIRECT_OBJC_ISA_USAGE = YES_ERROR;
				CLANG_WARN_DOCUMENTATION_COMMENTS = YES;
				CLANG_WARN_EMPTY_BODY = YES;
				CLANG_WARN_ENUM_CONVERSION = YES;
				CLANG_WARN_INFINITE_RECURSION = YES;
				CLANG_WARN_INT_CONVERSION = YES;
				CLANG_WARN_OBJC_ROOT_CLASS = YES_ERROR;
				CLANG_WARN_SUSPICIOUS_MOVES = YES;
				CLANG_WARN_UNREACHABLE_CODE = YES;
				CLANG_WARN__DUPLICATE_METHOD_MATCH = YES;
				"CODE_SIGN_IDENTITY[sdk=iphoneos*]" = "iPhone Developer";
				COPY_PHASE_STRIP = NO;
				DEBUG_INFORMATION_FORMAT = "dwarf-with-dsym";
				ENABLE_NS_ASSERTIONS = NO;
				ENABLE_STRICT_OBJC_MSGSEND = YES;
				GCC_C_LANGUAGE_STANDARD = gnu99;
				GCC_NO_COMMON_BLOCKS = YES;
				GCC_WARN_64_TO_32_BIT_CONVERSION = YES;
				GCC_WARN_ABOUT_RETURN_TYPE = YES_ERROR;
				GCC_WARN_UNDECLARED_SELECTOR = YES;
				GCC_WARN_UNINITIALIZED_AUTOS = YES_AGGRESSIVE;
				GCC_WARN_UNUSED_FUNCTION = YES;
				GCC_WARN_UNUSED_VARIABLE = YES;
				IPHONEOS_DEPLOYMENT_TARGET = 10.0;
				MTL_ENABLE_DEBUG_INFO = NO;
				SDKROOT = iphoneos;
				SWIFT_OPTIMIZATION_LEVEL = "-Owholemodule";
				TARGETED_DEVICE_FAMILY = "1,2";
				VALIDATE_PRODUCT = YES;
			};
			name = Release;
		};
		B90C69DC1DA4359B009F5718 /* Debug */ = {
			isa = XCBuildConfiguration;
			baseConfigurationReference = D1A99283802DBBD22A290023 /* Pods-MubalooSam.debug.xcconfig */;
			buildSettings = {
				ASSETCATALOG_COMPILER_APPICON_NAME = AppIcon;
				DEVELOPMENT_TEAM = C5LY942R7Y;
				INFOPLIST_FILE = MubalooSam/Info.plist;
				LD_RUNPATH_SEARCH_PATHS = "$(inherited) @executable_path/Frameworks";
				PRODUCT_BUNDLE_IDENTIFIER = samdavies.MubalooSam;
				PRODUCT_NAME = "$(TARGET_NAME)";
				SWIFT_VERSION = 3.0;
			};
			name = Debug;
		};
		B90C69DD1DA4359B009F5718 /* Release */ = {
			isa = XCBuildConfiguration;
			baseConfigurationReference = 938E3C70964311475B0D7388 /* Pods-MubalooSam.release.xcconfig */;
			buildSettings = {
				ASSETCATALOG_COMPILER_APPICON_NAME = AppIcon;
				DEVELOPMENT_TEAM = C5LY942R7Y;
				INFOPLIST_FILE = MubalooSam/Info.plist;
				LD_RUNPATH_SEARCH_PATHS = "$(inherited) @executable_path/Frameworks";
				PRODUCT_BUNDLE_IDENTIFIER = samdavies.MubalooSam;
				PRODUCT_NAME = "$(TARGET_NAME)";
				SWIFT_VERSION = 3.0;
			};
			name = Release;
		};
		B90C69DF1DA4359B009F5718 /* Debug */ = {
			isa = XCBuildConfiguration;
			baseConfigurationReference = C2F3F087C3488FF062C086F2 /* Pods-MubalooSamTests.debug.xcconfig */;
			buildSettings = {
				ALWAYS_EMBED_SWIFT_STANDARD_LIBRARIES = YES;
				BUNDLE_LOADER = "$(TEST_HOST)";
				DEVELOPMENT_TEAM = C5LY942R7Y;
				INFOPLIST_FILE = MubalooSamTests/Info.plist;
				LD_RUNPATH_SEARCH_PATHS = "$(inherited) @executable_path/Frameworks @loader_path/Frameworks";
				PRODUCT_BUNDLE_IDENTIFIER = samdavies.MubalooSamTests;
				PRODUCT_NAME = "$(TARGET_NAME)";
				SWIFT_VERSION = 3.0;
				TEST_HOST = "$(BUILT_PRODUCTS_DIR)/MubalooSam.app/MubalooSam";
			};
			name = Debug;
		};
		B90C69E01DA4359B009F5718 /* Release */ = {
			isa = XCBuildConfiguration;
			baseConfigurationReference = AF9DF31AADDA88855707F50F /* Pods-MubalooSamTests.release.xcconfig */;
			buildSettings = {
				ALWAYS_EMBED_SWIFT_STANDARD_LIBRARIES = YES;
				BUNDLE_LOADER = "$(TEST_HOST)";
				DEVELOPMENT_TEAM = C5LY942R7Y;
				INFOPLIST_FILE = MubalooSamTests/Info.plist;
				LD_RUNPATH_SEARCH_PATHS = "$(inherited) @executable_path/Frameworks @loader_path/Frameworks";
				PRODUCT_BUNDLE_IDENTIFIER = samdavies.MubalooSamTests;
				PRODUCT_NAME = "$(TARGET_NAME)";
				SWIFT_VERSION = 3.0;
				TEST_HOST = "$(BUILT_PRODUCTS_DIR)/MubalooSam.app/MubalooSam";
			};
			name = Release;
		};
		B90C69E21DA4359B009F5718 /* Debug */ = {
			isa = XCBuildConfiguration;
			baseConfigurationReference = C56B11C042D837E854574CC3 /* Pods-MubalooSamUITests.debug.xcconfig */;
			buildSettings = {
				ALWAYS_EMBED_SWIFT_STANDARD_LIBRARIES = YES;
				DEVELOPMENT_TEAM = C5LY942R7Y;
				INFOPLIST_FILE = MubalooSamUITests/Info.plist;
				LD_RUNPATH_SEARCH_PATHS = "$(inherited) @executable_path/Frameworks @loader_path/Frameworks";
				PRODUCT_BUNDLE_IDENTIFIER = samdavies.MubalooSamUITests;
				PRODUCT_NAME = "$(TARGET_NAME)";
				SWIFT_VERSION = 3.0;
				TEST_TARGET_NAME = MubalooSam;
			};
			name = Debug;
		};
		B90C69E31DA4359B009F5718 /* Release */ = {
			isa = XCBuildConfiguration;
			baseConfigurationReference = 325854FE3FAF672AAB3BB322 /* Pods-MubalooSamUITests.release.xcconfig */;
			buildSettings = {
				ALWAYS_EMBED_SWIFT_STANDARD_LIBRARIES = YES;
				DEVELOPMENT_TEAM = C5LY942R7Y;
				INFOPLIST_FILE = MubalooSamUITests/Info.plist;
				LD_RUNPATH_SEARCH_PATHS = "$(inherited) @executable_path/Frameworks @loader_path/Frameworks";
				PRODUCT_BUNDLE_IDENTIFIER = samdavies.MubalooSamUITests;
				PRODUCT_NAME = "$(TARGET_NAME)";
				SWIFT_VERSION = 3.0;
				TEST_TARGET_NAME = MubalooSam;
			};
			name = Release;
		};
/* End XCBuildConfiguration section */

/* Begin XCConfigurationList section */
		B90C69AE1DA4359B009F5718 /* Build configuration list for PBXProject "MubalooSam" */ = {
			isa = XCConfigurationList;
			buildConfigurations = (
				B90C69D91DA4359B009F5718 /* Debug */,
				B90C69DA1DA4359B009F5718 /* Release */,
			);
			defaultConfigurationIsVisible = 0;
			defaultConfigurationName = Release;
		};
		B90C69DB1DA4359B009F5718 /* Build configuration list for PBXNativeTarget "MubalooSam" */ = {
			isa = XCConfigurationList;
			buildConfigurations = (
				B90C69DC1DA4359B009F5718 /* Debug */,
				B90C69DD1DA4359B009F5718 /* Release */,
			);
			defaultConfigurationIsVisible = 0;
			defaultConfigurationName = Release;
		};
		B90C69DE1DA4359B009F5718 /* Build configuration list for PBXNativeTarget "MubalooSamTests" */ = {
			isa = XCConfigurationList;
			buildConfigurations = (
				B90C69DF1DA4359B009F5718 /* Debug */,
				B90C69E01DA4359B009F5718 /* Release */,
			);
			defaultConfigurationIsVisible = 0;
			defaultConfigurationName = Release;
		};
		B90C69E11DA4359B009F5718 /* Build configuration list for PBXNativeTarget "MubalooSamUITests" */ = {
			isa = XCConfigurationList;
			buildConfigurations = (
				B90C69E21DA4359B009F5718 /* Debug */,
				B90C69E31DA4359B009F5718 /* Release */,
			);
			defaultConfigurationIsVisible = 0;
			defaultConfigurationName = Release;
		};
/* End XCConfigurationList section */
	};
	rootObject = B90C69AB1DA4359B009F5718 /* Project object */;
}
